
Microsoft Visual Studio Solution File, Format Version 11.00
# Visual Studio 2010
Project("{FAE04EC0-301F-11D3-BF4B-00C04F79EFBC}") = "UseDrawJig", "UseDrawJig\UseDrawJig.csproj", "{BB49A018-7740-46B3-A058-F70B0A59E5DD}"
EndProject
Project("{FAE04EC0-301F-11D3-BF4B-00C04F79EFBC}") = "UseEntityJig", "UseEntityJig\UseEntityJig.csproj", "{A74B2048-6111-44CB-85F0-56C1A7285861}"
EndProject
Global
	GlobalSection(SolutionConfigurationPlatforms) = preSolution
		Debug|Any CPU = Debug|Any CPU
		Release|Any CPU = Release|Any CPU
	EndGlobalSection
	GlobalSection(ProjectConfigurationPlatforms) = postSolution
		{BB49A018-7740-46B3-A058-F70B0A59E5DD}.Debug|Any CPU.ActiveCfg = Debug|Any CPU
		{BB49A018-7740-46B3-A058-F70B0A59E5DD}.Debug|Any CPU.Build.0 = Debug|Any CPU
		{BB49A018-7740-46B3-A058-F70B0A59E5DD}.Release|Any CPU.ActiveCfg = Release|Any CPU
		{BB49A018-7740-46B3-A058-F70B0A59E5DD}.Release|Any CPU.Build.0 = Release|Any CPU
		{A74B2048-6111-44CB-85F0-56C1A7285861}.Debug|Any CPU.ActiveCfg = Debug|Any CPU
		{A74B2048-6111-44CB-85F0-56C1A7285861}.Debug|Any CPU.Build.0 = Debug|Any CPU
		{A74B2048-6111-44CB-85F0-56C1A7285861}.Release|Any CPU.ActiveCfg = Release|Any CPU
		{A74B2048-6111-44CB-85F0-56C1A7285861}.Release|Any CPU.Build.0 = Release|Any CPU
	EndGlobalSection
	GlobalSection(SolutionProperties) = preSolution
		HideSolutionNode = FALSE
	EndGlobalSection
EndGlobal
