
Microsoft Visual Studio Solution File, Format Version 11.00
# Visual Studio 2010
Project("{FAE04EC0-301F-11D3-BF4B-00C04F79EFBC}") = "Layouts", "Layouts\Layouts.csproj", "{0CFA897A-D1E4-49A5-80BF-B148BFFDA5D6}"
EndProject
Project("{FAE04EC0-301F-11D3-BF4B-00C04F79EFBC}") = "Plots", "Plots\Plots.csproj", "{73788B8D-13D4-4FD6-9CAE-01261A02F9A2}"
EndProject
Global
	GlobalSection(SolutionConfigurationPlatforms) = preSolution
		Debug|Any CPU = Debug|Any CPU
		Release|Any CPU = Release|Any CPU
	EndGlobalSection
	GlobalSection(ProjectConfigurationPlatforms) = postSolution
		{0CFA897A-D1E4-49A5-80BF-B148BFFDA5D6}.Debug|Any CPU.ActiveCfg = Debug|Any CPU
		{0CFA897A-D1E4-49A5-80BF-B148BFFDA5D6}.Debug|Any CPU.Build.0 = Debug|Any CPU
		{0CFA897A-D1E4-49A5-80BF-B148BFFDA5D6}.Release|Any CPU.ActiveCfg = Release|Any CPU
		{0CFA897A-D1E4-49A5-80BF-B148BFFDA5D6}.Release|Any CPU.Build.0 = Release|Any CPU
		{73788B8D-13D4-4FD6-9CAE-01261A02F9A2}.Debug|Any CPU.ActiveCfg = Debug|Any CPU
		{73788B8D-13D4-4FD6-9CAE-01261A02F9A2}.Debug|Any CPU.Build.0 = Debug|Any CPU
		{73788B8D-13D4-4FD6-9CAE-01261A02F9A2}.Release|Any CPU.ActiveCfg = Release|Any CPU
		{73788B8D-13D4-4FD6-9CAE-01261A02F9A2}.Release|Any CPU.Build.0 = Release|Any CPU
	EndGlobalSection
	GlobalSection(SolutionProperties) = preSolution
		HideSolutionNode = FALSE
	EndGlobalSection
EndGlobal
