
Microsoft Visual Studio Solution File, Format Version 11.00
# Visual Studio 2010
Project("{FAE04EC0-301F-11D3-BF4B-00C04F79EFBC}") = "DimConstraints", "DimConstraints\DimConstraints.csproj", "{E5311943-A455-4C96-AB77-A2A2FEAF9BEC}"
EndProject
Project("{FAE04EC0-301F-11D3-BF4B-00C04F79EFBC}") = "GeoConstraints", "GeometricConstraints\GeoConstraints.csproj", "{F621D9BA-840D-419A-8054-D026FFEA604C}"
EndProject
Global
	GlobalSection(SolutionConfigurationPlatforms) = preSolution
		Debug|Any CPU = Debug|Any CPU
		Release|Any CPU = Release|Any CPU
	EndGlobalSection
	GlobalSection(ProjectConfigurationPlatforms) = postSolution
		{E5311943-A455-4C96-AB77-A2A2FEAF9BEC}.Debug|Any CPU.ActiveCfg = Debug|Any CPU
		{E5311943-A455-4C96-AB77-A2A2FEAF9BEC}.Debug|Any CPU.Build.0 = Debug|Any CPU
		{E5311943-A455-4C96-AB77-A2A2FEAF9BEC}.Release|Any CPU.ActiveCfg = Release|Any CPU
		{E5311943-A455-4C96-AB77-A2A2FEAF9BEC}.Release|Any CPU.Build.0 = Release|Any CPU
		{F621D9BA-840D-419A-8054-D026FFEA604C}.Debug|Any CPU.ActiveCfg = Debug|Any CPU
		{F621D9BA-840D-419A-8054-D026FFEA604C}.Debug|Any CPU.Build.0 = Debug|Any CPU
		{F621D9BA-840D-419A-8054-D026FFEA604C}.Release|Any CPU.ActiveCfg = Release|Any CPU
		{F621D9BA-840D-419A-8054-D026FFEA604C}.Release|Any CPU.Build.0 = Release|Any CPU
	EndGlobalSection
	GlobalSection(SolutionProperties) = preSolution
		HideSolutionNode = FALSE
	EndGlobalSection
EndGlobal
